
Microsoft Visual Studio Solution File, Format Version 12.00
# Visual Studio Version 17
VisualStudioVersion = 17.2.32630.192
MinimumVisualStudioVersion = 10.0.40219.1
Project("{FAE04EC0-301F-11D3-BF4B-00C04F79EFBC}") = "Area-Of-Traingle", "Area-Of-Traingle\Area-Of-Traingle.csproj", "{43E8C0D7-D0A7-4E1E-A99A-05BEF0C1EDE1}"
EndProject
Global
	GlobalSection(SolutionConfigurationPlatforms) = preSolution
		Debug|Any CPU = Debug|Any CPU
		Release|Any CPU = Release|Any CPU
	EndGlobalSection
	GlobalSection(ProjectConfigurationPlatforms) = postSolution
		{43E8C0D7-D0A7-4E1E-A99A-05BEF0C1EDE1}.Debug|Any CPU.ActiveCfg = Debug|Any CPU
		{43E8C0D7-D0A7-4E1E-A99A-05BEF0C1EDE1}.Debug|Any CPU.Build.0 = Debug|Any CPU
		{43E8C0D7-D0A7-4E1E-A99A-05BEF0C1EDE1}.Release|Any CPU.ActiveCfg = Release|Any CPU
		{43E8C0D7-D0A7-4E1E-A99A-05BEF0C1EDE1}.Release|Any CPU.Build.0 = Release|Any CPU
	EndGlobalSection
	GlobalSection(SolutionProperties) = preSolution
		HideSolutionNode = FALSE
	EndGlobalSection
	GlobalSection(ExtensibilityGlobals) = postSolution
		SolutionGuid = {01E7C22B-2AA6-4C31-9378-29259F77FA0F}
	EndGlobalSection
EndGlobal
