
Microsoft Visual Studio Solution File, Format Version 12.00
# Visual Studio Version 17
VisualStudioVersion = 17.2.32630.192
MinimumVisualStudioVersion = 10.0.40219.1
Project("{FAE04EC0-301F-11D3-BF4B-00C04F79EFBC}") = "N-Number-Of-Squares-And-Sum-And-Product", "N-Number-Of-Squares-And-Sum-And-Product\N-Number-Of-Squares-And-Sum-And-Product.csproj", "{19A1EDD5-6760-46C1-A2ED-0528A6C6AD32}"
EndProject
Global
	GlobalSection(SolutionConfigurationPlatforms) = preSolution
		Debug|Any CPU = Debug|Any CPU
		Release|Any CPU = Release|Any CPU
	EndGlobalSection
	GlobalSection(ProjectConfigurationPlatforms) = postSolution
		{19A1EDD5-6760-46C1-A2ED-0528A6C6AD32}.Debug|Any CPU.ActiveCfg = Debug|Any CPU
		{19A1EDD5-6760-46C1-A2ED-0528A6C6AD32}.Debug|Any CPU.Build.0 = Debug|Any CPU
		{19A1EDD5-6760-46C1-A2ED-0528A6C6AD32}.Release|Any CPU.ActiveCfg = Release|Any CPU
		{19A1EDD5-6760-46C1-A2ED-0528A6C6AD32}.Release|Any CPU.Build.0 = Release|Any CPU
	EndGlobalSection
	GlobalSection(SolutionProperties) = preSolution
		HideSolutionNode = FALSE
	EndGlobalSection
	GlobalSection(ExtensibilityGlobals) = postSolution
		SolutionGuid = {1BDC2958-5783-457A-A17C-6433D2E50B0F}
	EndGlobalSection
EndGlobal
