
Microsoft Visual Studio Solution File, Format Version 12.00
# Visual Studio Version 17
VisualStudioVersion = 17.2.32630.192
MinimumVisualStudioVersion = 10.0.40219.1
Project("{FAE04EC0-301F-11D3-BF4B-00C04F79EFBC}") = "Worker-Salary-Calculation", "Worker-Salary-Calculation\Worker-Salary-Calculation.csproj", "{EF403005-59B7-4104-A2C9-735ADA1DAC00}"
EndProject
Global
	GlobalSection(SolutionConfigurationPlatforms) = preSolution
		Debug|Any CPU = Debug|Any CPU
		Release|Any CPU = Release|Any CPU
	EndGlobalSection
	GlobalSection(ProjectConfigurationPlatforms) = postSolution
		{EF403005-59B7-4104-A2C9-735ADA1DAC00}.Debug|Any CPU.ActiveCfg = Debug|Any CPU
		{EF403005-59B7-4104-A2C9-735ADA1DAC00}.Debug|Any CPU.Build.0 = Debug|Any CPU
		{EF403005-59B7-4104-A2C9-735ADA1DAC00}.Release|Any CPU.ActiveCfg = Release|Any CPU
		{EF403005-59B7-4104-A2C9-735ADA1DAC00}.Release|Any CPU.Build.0 = Release|Any CPU
	EndGlobalSection
	GlobalSection(SolutionProperties) = preSolution
		HideSolutionNode = FALSE
	EndGlobalSection
	GlobalSection(ExtensibilityGlobals) = postSolution
		SolutionGuid = {BA18E934-505E-45DA-BB2E-DA2439BD0122}
	EndGlobalSection
EndGlobal
