
Microsoft Visual Studio Solution File, Format Version 12.00
# Visual Studio Version 17
VisualStudioVersion = 17.2.32630.192
MinimumVisualStudioVersion = 10.0.40219.1
Project("{FAE04EC0-301F-11D3-BF4B-00C04F79EFBC}") = "Student's-Passing-Or-Failing-The-Class", "Student's-Passing-Or-Failing-The-Class\Student's-Passing-Or-Failing-The-Class.csproj", "{108FCDC4-5F2A-42AC-8550-BD2F85092F29}"
EndProject
Global
	GlobalSection(SolutionConfigurationPlatforms) = preSolution
		Debug|Any CPU = Debug|Any CPU
		Release|Any CPU = Release|Any CPU
	EndGlobalSection
	GlobalSection(ProjectConfigurationPlatforms) = postSolution
		{108FCDC4-5F2A-42AC-8550-BD2F85092F29}.Debug|Any CPU.ActiveCfg = Debug|Any CPU
		{108FCDC4-5F2A-42AC-8550-BD2F85092F29}.Debug|Any CPU.Build.0 = Debug|Any CPU
		{108FCDC4-5F2A-42AC-8550-BD2F85092F29}.Release|Any CPU.ActiveCfg = Release|Any CPU
		{108FCDC4-5F2A-42AC-8550-BD2F85092F29}.Release|Any CPU.Build.0 = Release|Any CPU
	EndGlobalSection
	GlobalSection(SolutionProperties) = preSolution
		HideSolutionNode = FALSE
	EndGlobalSection
	GlobalSection(ExtensibilityGlobals) = postSolution
		SolutionGuid = {062B72AA-B23B-4EBD-9D56-BC2E5289006E}
	EndGlobalSection
EndGlobal
