
Microsoft Visual Studio Solution File, Format Version 12.00
# Visual Studio Version 17
VisualStudioVersion = 17.2.32630.192
MinimumVisualStudioVersion = 10.0.40219.1
Project("{FAE04EC0-301F-11D3-BF4B-00C04F79EFBC}") = "Find-Number-of-Digits", "Find-Number-of-Digits\Find-Number-of-Digits.csproj", "{2E522F67-C4F3-45D7-8B27-A5CFB9763F50}"
EndProject
Global
	GlobalSection(SolutionConfigurationPlatforms) = preSolution
		Debug|Any CPU = Debug|Any CPU
		Release|Any CPU = Release|Any CPU
	EndGlobalSection
	GlobalSection(ProjectConfigurationPlatforms) = postSolution
		{2E522F67-C4F3-45D7-8B27-A5CFB9763F50}.Debug|Any CPU.ActiveCfg = Debug|Any CPU
		{2E522F67-C4F3-45D7-8B27-A5CFB9763F50}.Debug|Any CPU.Build.0 = Debug|Any CPU
		{2E522F67-C4F3-45D7-8B27-A5CFB9763F50}.Release|Any CPU.ActiveCfg = Release|Any CPU
		{2E522F67-C4F3-45D7-8B27-A5CFB9763F50}.Release|Any CPU.Build.0 = Release|Any CPU
	EndGlobalSection
	GlobalSection(SolutionProperties) = preSolution
		HideSolutionNode = FALSE
	EndGlobalSection
	GlobalSection(ExtensibilityGlobals) = postSolution
		SolutionGuid = {A3AB5258-2D63-4BB0-B659-60E42CC06BF9}
	EndGlobalSection
EndGlobal
