
Microsoft Visual Studio Solution File, Format Version 12.00
# Visual Studio Version 17
VisualStudioVersion = 17.3.32804.467
MinimumVisualStudioVersion = 10.0.40219.1
Project("{FAE04EC0-301F-11D3-BF4B-00C04F79EFBC}") = "Console-Exponential-Numbers", "Console-Exponential-Numbers\Console-Exponential-Numbers.csproj", "{041653DC-D708-455D-A4E3-BA2E7FF23974}"
EndProject
Global
	GlobalSection(SolutionConfigurationPlatforms) = preSolution
		Debug|Any CPU = Debug|Any CPU
		Release|Any CPU = Release|Any CPU
	EndGlobalSection
	GlobalSection(ProjectConfigurationPlatforms) = postSolution
		{041653DC-D708-455D-A4E3-BA2E7FF23974}.Debug|Any CPU.ActiveCfg = Debug|Any CPU
		{041653DC-D708-455D-A4E3-BA2E7FF23974}.Debug|Any CPU.Build.0 = Debug|Any CPU
		{041653DC-D708-455D-A4E3-BA2E7FF23974}.Release|Any CPU.ActiveCfg = Release|Any CPU
		{041653DC-D708-455D-A4E3-BA2E7FF23974}.Release|Any CPU.Build.0 = Release|Any CPU
	EndGlobalSection
	GlobalSection(SolutionProperties) = preSolution
		HideSolutionNode = FALSE
	EndGlobalSection
	GlobalSection(ExtensibilityGlobals) = postSolution
		SolutionGuid = {6027DD01-04D7-41B5-8A86-2214D367D95D}
	EndGlobalSection
EndGlobal
