
Microsoft Visual Studio Solution File, Format Version 12.00
# Visual Studio Version 17
VisualStudioVersion = 17.3.32804.467
MinimumVisualStudioVersion = 10.0.40219.1
Project("{FAE04EC0-301F-11D3-BF4B-00C04F79EFBC}") = "FindBigNumber", "FindBigNumber\FindBigNumber.csproj", "{D453B6C2-6530-47D3-ADA3-93A194E333E2}"
EndProject
Global
	GlobalSection(SolutionConfigurationPlatforms) = preSolution
		Debug|Any CPU = Debug|Any CPU
		Release|Any CPU = Release|Any CPU
	EndGlobalSection
	GlobalSection(ProjectConfigurationPlatforms) = postSolution
		{D453B6C2-6530-47D3-ADA3-93A194E333E2}.Debug|Any CPU.ActiveCfg = Debug|Any CPU
		{D453B6C2-6530-47D3-ADA3-93A194E333E2}.Debug|Any CPU.Build.0 = Debug|Any CPU
		{D453B6C2-6530-47D3-ADA3-93A194E333E2}.Release|Any CPU.ActiveCfg = Release|Any CPU
		{D453B6C2-6530-47D3-ADA3-93A194E333E2}.Release|Any CPU.Build.0 = Release|Any CPU
	EndGlobalSection
	GlobalSection(SolutionProperties) = preSolution
		HideSolutionNode = FALSE
	EndGlobalSection
	GlobalSection(ExtensibilityGlobals) = postSolution
		SolutionGuid = {312ED04D-6E16-490F-BB33-35EDBBC4C404}
	EndGlobalSection
EndGlobal
