
Microsoft Visual Studio Solution File, Format Version 12.00
# Visual Studio Version 17
VisualStudioVersion = 17.3.32804.467
MinimumVisualStudioVersion = 10.0.40219.1
Project("{FAE04EC0-301F-11D3-BF4B-00C04F79EFBC}") = "Console-Kdv-Calculator", "Console-Kdv-Calculator\Console-Kdv-Calculator.csproj", "{A0696B39-E3C9-4935-863F-28D441C49D05}"
EndProject
Global
	GlobalSection(SolutionConfigurationPlatforms) = preSolution
		Debug|Any CPU = Debug|Any CPU
		Release|Any CPU = Release|Any CPU
	EndGlobalSection
	GlobalSection(ProjectConfigurationPlatforms) = postSolution
		{A0696B39-E3C9-4935-863F-28D441C49D05}.Debug|Any CPU.ActiveCfg = Debug|Any CPU
		{A0696B39-E3C9-4935-863F-28D441C49D05}.Debug|Any CPU.Build.0 = Debug|Any CPU
		{A0696B39-E3C9-4935-863F-28D441C49D05}.Release|Any CPU.ActiveCfg = Release|Any CPU
		{A0696B39-E3C9-4935-863F-28D441C49D05}.Release|Any CPU.Build.0 = Release|Any CPU
	EndGlobalSection
	GlobalSection(SolutionProperties) = preSolution
		HideSolutionNode = FALSE
	EndGlobalSection
	GlobalSection(ExtensibilityGlobals) = postSolution
		SolutionGuid = {4A10CC10-2B89-4457-AE96-268924CBFD41}
	EndGlobalSection
EndGlobal
