
Microsoft Visual Studio Solution File, Format Version 12.00
# Visual Studio Version 17
VisualStudioVersion = 17.2.32630.192
MinimumVisualStudioVersion = 10.0.40219.1
Project("{FAE04EC0-301F-11D3-BF4B-00C04F79EFBC}") = "Two-Number-Between-Difference", "Two-Number-Between-Difference\Two-Number-Between-Difference.csproj", "{41B358D2-5855-4CA4-AB42-2156B4D70AA8}"
EndProject
Global
	GlobalSection(SolutionConfigurationPlatforms) = preSolution
		Debug|Any CPU = Debug|Any CPU
		Release|Any CPU = Release|Any CPU
	EndGlobalSection
	GlobalSection(ProjectConfigurationPlatforms) = postSolution
		{41B358D2-5855-4CA4-AB42-2156B4D70AA8}.Debug|Any CPU.ActiveCfg = Debug|Any CPU
		{41B358D2-5855-4CA4-AB42-2156B4D70AA8}.Debug|Any CPU.Build.0 = Debug|Any CPU
		{41B358D2-5855-4CA4-AB42-2156B4D70AA8}.Release|Any CPU.ActiveCfg = Release|Any CPU
		{41B358D2-5855-4CA4-AB42-2156B4D70AA8}.Release|Any CPU.Build.0 = Release|Any CPU
	EndGlobalSection
	GlobalSection(SolutionProperties) = preSolution
		HideSolutionNode = FALSE
	EndGlobalSection
	GlobalSection(ExtensibilityGlobals) = postSolution
		SolutionGuid = {A6CC5C8A-D1D7-4ED3-AF83-7904A29F14B3}
	EndGlobalSection
EndGlobal
