
Microsoft Visual Studio Solution File, Format Version 12.00
# Visual Studio Version 17
VisualStudioVersion = 17.3.32804.467
MinimumVisualStudioVersion = 10.0.40219.1
Project("{FAE04EC0-301F-11D3-BF4B-00C04F79EFBC}") = "Console-For-Example2", "Console-For-Example2\Console-For-Example2.csproj", "{9223D180-DBDD-4FBA-9F4E-60C8E9FDC89C}"
EndProject
Global
	GlobalSection(SolutionConfigurationPlatforms) = preSolution
		Debug|Any CPU = Debug|Any CPU
		Release|Any CPU = Release|Any CPU
	EndGlobalSection
	GlobalSection(ProjectConfigurationPlatforms) = postSolution
		{9223D180-DBDD-4FBA-9F4E-60C8E9FDC89C}.Debug|Any CPU.ActiveCfg = Debug|Any CPU
		{9223D180-DBDD-4FBA-9F4E-60C8E9FDC89C}.Debug|Any CPU.Build.0 = Debug|Any CPU
		{9223D180-DBDD-4FBA-9F4E-60C8E9FDC89C}.Release|Any CPU.ActiveCfg = Release|Any CPU
		{9223D180-DBDD-4FBA-9F4E-60C8E9FDC89C}.Release|Any CPU.Build.0 = Release|Any CPU
	EndGlobalSection
	GlobalSection(SolutionProperties) = preSolution
		HideSolutionNode = FALSE
	EndGlobalSection
	GlobalSection(ExtensibilityGlobals) = postSolution
		SolutionGuid = {5AFCA7BA-091C-41FA-B422-46D9C1F22162}
	EndGlobalSection
EndGlobal
