
Microsoft Visual Studio Solution File, Format Version 12.00
# Visual Studio Version 17
VisualStudioVersion = 17.2.32630.192
MinimumVisualStudioVersion = 10.0.40219.1
Project("{FAE04EC0-301F-11D3-BF4B-00C04F79EFBC}") = "Console-TaxRate-ProfitRate", "Console-TaxRate-ProfitRate\Console-TaxRate-ProfitRate.csproj", "{77345639-DE92-4883-9AEF-FA83905648D9}"
EndProject
Global
	GlobalSection(SolutionConfigurationPlatforms) = preSolution
		Debug|Any CPU = Debug|Any CPU
		Release|Any CPU = Release|Any CPU
	EndGlobalSection
	GlobalSection(ProjectConfigurationPlatforms) = postSolution
		{77345639-DE92-4883-9AEF-FA83905648D9}.Debug|Any CPU.ActiveCfg = Debug|Any CPU
		{77345639-DE92-4883-9AEF-FA83905648D9}.Debug|Any CPU.Build.0 = Debug|Any CPU
		{77345639-DE92-4883-9AEF-FA83905648D9}.Release|Any CPU.ActiveCfg = Release|Any CPU
		{77345639-DE92-4883-9AEF-FA83905648D9}.Release|Any CPU.Build.0 = Release|Any CPU
	EndGlobalSection
	GlobalSection(SolutionProperties) = preSolution
		HideSolutionNode = FALSE
	EndGlobalSection
	GlobalSection(ExtensibilityGlobals) = postSolution
		SolutionGuid = {2092BF80-30A6-4376-B1E4-8D49B7A4E35F}
	EndGlobalSection
EndGlobal
